lockfileVersion: '9.0'

settings:
  autoInstallPeers: true
  excludeLinksFromLockfile: false

importers:

  .:
    dependencies:
      help:
        specifier: ^3.0.2
        version: 3.0.2
      jquery:
        specifier: ^3.7.1
        version: 3.7.1
      strip-ansi:
        specifier: ^7.1.0
        version: 7.1.0
      typescript:
        specifier: ^5.0.0
        version: 5.7.2
    devDependencies:
      '@types/jquery':
        specifier: ^3.5.32
        version: 3.5.32
      '@types/lodash':
        specifier: ^4.17.13
        version: 4.17.13
      '@types/node':
        specifier: ^22.10.2
        version: 22.10.2
      '@types/tampermonkey':
        specifier: ^5.0.4
        version: 5.0.4
      lodash:
        specifier: ^4.17.21
        version: 4.17.21

packages:

  '@types/jquery@3.5.32':
    resolution: {integrity: sha512-b9Xbf4CkMqS02YH8zACqN1xzdxc3cO735Qe5AbSUFmyOiaWAbcpqh9Wna+Uk0vgACvoQHpWDg2rGdHkYPLmCiQ==}

  '@types/lodash@4.17.13':
    resolution: {integrity: sha512-lfx+dftrEZcdBPczf9d0Qv0x+j/rfNCMuC6OcfXmO8gkfeNAY88PgKUbvG56whcN23gc27yenwF6oJZXGFpYxg==}

  '@types/node@22.10.2':
    resolution: {integrity: sha512-Xxr6BBRCAOQixvonOye19wnzyDiUtTeqldOOmj3CkeblonbccA12PFwlufvRdrpjXxqnmUaeiU5EOA+7s5diUQ==}

  '@types/sizzle@2.3.9':
    resolution: {integrity: sha512-xzLEyKB50yqCUPUJkIsrVvoWNfFUbIZI+RspLWt8u+tIW/BetMBZtgV2LY/2o+tYH8dRvQ+eoPf3NdhQCcLE2w==}

  '@types/tampermonkey@5.0.4':
    resolution: {integrity: sha512-HEJ0O5CkDZSwIgd9Zip4xM8o7gZC8zBmJuH1YEXNINIC+aCWEXD10pnpo3NQG5IWHx+Xr4fMSGq1jqeKXH2lpA==}

  ansi-regex@6.1.0:
    resolution: {integrity: sha512-7HSX4QQb4CspciLpVFwyRe79O3xsIZDDLER21kERQ71oaPodF8jL725AgJMFAYbooIqolJoRLuM81SpeUkpkvA==}
    engines: {node: '>=12'}

  help@3.0.2:
    resolution: {integrity: sha512-jDd0MU+9xzvOQRC6CIzdjvb+agCvpzQY/Fp11quDnugDO4QQzh134EsLkRQMvFIJBleFkvnXagHFm4MTefkkpA==}

  jquery@3.7.1:
    resolution: {integrity: sha512-m4avr8yL8kmFN8psrbFFFmB/If14iN5o9nw/NgnnM+kybDJpRsAynV2BsfpTYrTRysYUdADVD7CkUUizgkpLfg==}

  lodash@4.17.21:
    resolution: {integrity: sha512-v2kDEe57lecTulaDIuNTPy3Ry4gLGJ6Z1O3vE1krgXZNrsQ+LFTGHVxVjcXPs17LhbZVGedAJv8XZ1tvj5FvSg==}

  strip-ansi@7.1.0:
    resolution: {integrity: sha512-iq6eVVI64nQQTRYq2KtEg2d2uU7LElhTJwsH4YzIHZshxlgZms/wIc4VoDQTlG/IvVIrBKG06CrZnp0qv7hkcQ==}
    engines: {node: '>=12'}

  typescript@5.7.2:
    resolution: {integrity: sha512-i5t66RHxDvVN40HfDd1PsEThGNnlMCMT3jMUuoh9/0TaqWevNontacunWyN02LA9/fIbEWlcHZcgTKb9QoaLfg==}
    engines: {node: '>=14.17'}
    hasBin: true

  undici-types@6.20.0:
    resolution: {integrity: sha512-Ny6QZ2Nju20vw1SRHe3d9jVu6gJ+4e3+MMpqu7pqE5HT6WsTSlce++GQmK5UXS8mzV8DSYHrQH+Xrf2jVcuKNg==}

snapshots:

  '@types/jquery@3.5.32':
    dependencies:
      '@types/sizzle': 2.3.9

  '@types/lodash@4.17.13': {}

  '@types/node@22.10.2':
    dependencies:
      undici-types: 6.20.0

  '@types/sizzle@2.3.9': {}

  '@types/tampermonkey@5.0.4': {}

  ansi-regex@6.1.0: {}

  help@3.0.2: {}

  jquery@3.7.1: {}

  lodash@4.17.21: {}

  strip-ansi@7.1.0:
    dependencies:
      ansi-regex: 6.1.0

  typescript@5.7.2: {}

  undici-types@6.20.0: {}
